{
    "requires": true,
    "lockfileVersion": 1,
    "dependencies": {
        "@fortawesome/fontawesome-free": {
            "version": "5.15.1",
            "resolved": "https://registry.npmjs.org/@fortawesome/fontawesome-free/-/fontawesome-free-5.15.1.tgz",
            "integrity": "sha512-OEdH7SyC1suTdhBGW91/zBfR6qaIhThbcN8PUXtXilY4GYnSBbVqOntdHbC1vXwsDnX0Qix2m2+DSU1J51ybOQ=="
        },
        "bootstrap": {
            "version": "4.5.3",
            "resolved": "https://registry.npmjs.org/bootstrap/-/bootstrap-4.5.3.tgz",
            "integrity": "sha512-o9ppKQioXGqhw8Z7mah6KdTYpNQY//tipnkxppWhPbiSWdD+1raYsnhwEZjkTHYbGee4cVQ0Rx65EhOY/HNLcQ=="
        },
        "vue": {
            "version": "2.6.12",
            "resolved": "https://registry.npmjs.org/vue/-/vue-2.6.12.tgz",
            "integrity": "sha512-uhmLFETqPPNyuLLbsKz6ioJ4q7AZHzD8ZVFNATNyICSZouqP2Sz0rotWQC8UNBF6VGSCs5abnKJoStA6JbCbfg=="
        },
        "vue-router": {
            "version": "3.4.6",
            "resolved": "https://registry.npmjs.org/vue-router/-/vue-router-3.4.6.tgz",
            "integrity": "sha512-kaXnB3pfFxhAJl/Mp+XG1HJMyFqrL/xPqV7oXlpXn4AwMmm6VNgf0nllW8ksflmZANfI4kdo0bVn/FYSsAolPQ=="
        }
    }
}
